
Microsoft Visual Studio Solution File, Format Version 12.00
# Visual Studio Version 16
VisualStudioVersion = 16.0.29728.190
MinimumVisualStudioVersion = 10.0.40219.1
Project("{FAE04EC0-301F-11D3-BF4B-00C04F79EFBC}") = "ServiceProposal", "ServiceProposal.csproj", "{B61004AC-7A83-45CD-A329-417AE2CC8812}"
EndProject
Global
	GlobalSection(SolutionConfigurationPlatforms) = preSolution
		Debug|Any CPU = Debug|Any CPU
		Release|Any CPU = Release|Any CPU
	EndGlobalSection
	GlobalSection(ProjectConfigurationPlatforms) = postSolution
		{B61004AC-7A83-45CD-A329-417AE2CC8812}.Debug|Any CPU.ActiveCfg = Debug|Any CPU
		{B61004AC-7A83-45CD-A329-417AE2CC8812}.Debug|Any CPU.Build.0 = Debug|Any CPU
		{B61004AC-7A83-45CD-A329-417AE2CC8812}.Release|Any CPU.ActiveCfg = Release|Any CPU
		{B61004AC-7A83-45CD-A329-417AE2CC8812}.Release|Any CPU.Build.0 = Release|Any CPU
	EndGlobalSection
	GlobalSection(SolutionProperties) = preSolution
		HideSolutionNode = FALSE
	EndGlobalSection
	GlobalSection(ExtensibilityGlobals) = postSolution
		SolutionGuid = {6635FA5E-C9FF-428D-B515-8B0840B34707}
	EndGlobalSection
EndGlobal
